// !$*UTF8*$!
{
	archiveVersion = 1;
	classes = {
	};
	objectVersion = 56;
	objects = {

/* Begin PBXBuildFile section */
		A1B2C3D4E5F6000000000001 /* main.swift in Sources */ = {isa = PBXBuildFile; fileRef = A1B2C3D4E5F6000000000011 /* main.swift */; };
		A1B2C3D4E5F6000000000002 /* AppDelegate.swift in Sources */ = {isa = PBXBuildFile; fileRef = A1B2C3D4E5F6000000000012 /* AppDelegate.swift */; };
		A1B2C3D4E5F6000000000003 /* MenuBarShellController.swift in Sources */ = {isa = PBXBuildFile; fileRef = A1B2C3D4E5F6000000000013 /* MenuBarShellController.swift */; };
		A1B2C3D4E5F6000000000004 /* MainPopoverViewController.swift in Sources */ = {isa = PBXBuildFile; fileRef = A1B2C3D4E5F6000000000014 /* MainPopoverViewController.swift */; };
		A1B2C3D4E5F6000000000005 /* CurrentSessionCalculator.swift in Sources */ = {isa = PBXBuildFile; fileRef = A1B2C3D4E5F6000000000017 /* CurrentSessionCalculator.swift */; };
		A1B2C3D4E5F6000000000006 /* MainPopoverViewStateFactory.swift in Sources */ = {isa = PBXBuildFile; fileRef = A1B2C3D4E5F6000000000018 /* MainPopoverViewStateFactory.swift */; };
		A1B2C3D4E5F6000000000007 /* AttendanceRecordTotalsCalculator.swift in Sources */ = {isa = PBXBuildFile; fileRef = A1B2C3D4E5F6000000000019 /* AttendanceRecordTotalsCalculator.swift */; };
		A1B2C3D4E5F6000000000008 /* AttendanceRecordStore.swift in Sources */ = {isa = PBXBuildFile; fileRef = A1B2C3D4E5F6000000000090 /* AttendanceRecordStore.swift */; };
		A1B2C3D4E5F6000000000009 /* MainPopoverStateLoader.swift in Sources */ = {isa = PBXBuildFile; fileRef = A1B2C3D4E5F6000000000091 /* MainPopoverStateLoader.swift */; };
		A1B2C3D4E5F600000000000A /* MainPopoverStyle.swift in Sources */ = {isa = PBXBuildFile; fileRef = A1B2C3D4E5F6000000000092 /* MainPopoverStyle.swift */; };
		A1B2C3D4E5F600000000000C /* MainPopoverRenderModelFactory.swift in Sources */ = {isa = PBXBuildFile; fileRef = A1B2C3D4E5F6000000000094 /* MainPopoverRenderModelFactory.swift */; };
		A1B2C3D4E5F600000000000D /* MainPopoverCopy.swift in Sources */ = {isa = PBXBuildFile; fileRef = A1B2C3D4E5F6000000000095 /* MainPopoverCopy.swift */; };
		A1B2C3D4E5F600000000000E /* MainPopoverCurrentSessionProgressPolicy.swift in Sources */ = {isa = PBXBuildFile; fileRef = A1B2C3D4E5F6000000000096 /* MainPopoverCurrentSessionProgressPolicy.swift */; };
		A1B2C3D4E5F600000000000F /* MainPopoverSectionSupport.swift in Sources */ = {isa = PBXBuildFile; fileRef = A1B2C3D4E5F6000000000097 /* MainPopoverSectionSupport.swift */; };
		A1B2C3D4E5F600000000001A /* MainPopoverHeaderSectionView.swift in Sources */ = {isa = PBXBuildFile; fileRef = A1B2C3D4E5F6000000000098 /* MainPopoverHeaderSectionView.swift */; };
		A1B2C3D4E5F600000000001B /* MainPopoverCurrentSessionSectionView.swift in Sources */ = {isa = PBXBuildFile; fileRef = A1B2C3D4E5F6000000000099 /* MainPopoverCurrentSessionSectionView.swift */; };
		A1B2C3D4E5F600000000001C /* MainPopoverTodayTimesSectionView.swift in Sources */ = {isa = PBXBuildFile; fileRef = A1B2C3D4E5F600000000009A /* MainPopoverTodayTimesSectionView.swift */; };
		A1B2C3D4E5F600000000001D /* MainPopoverSummarySectionView.swift in Sources */ = {isa = PBXBuildFile; fileRef = A1B2C3D4E5F600000000009B /* MainPopoverSummarySectionView.swift */; };
		A1B2C3D4E5F600000000001E /* MainPopoverViewState.swift in Sources */ = {isa = PBXBuildFile; fileRef = A1B2C3D4E5F600000000009C /* MainPopoverViewState.swift */; };
		A1B2C3D4E5F600000000001F /* MainPopoverCurrentSessionRuntime.swift in Sources */ = {isa = PBXBuildFile; fileRef = A1B2C3D4E5F600000000009D /* MainPopoverCurrentSessionRuntime.swift */; };
		A1B2C3D4E5F6000000000020 /* MainPopoverDividerView.swift in Sources */ = {isa = PBXBuildFile; fileRef = A1B2C3D4E5F600000000009E /* MainPopoverDividerView.swift */; };
		A1B2C3D4E5F6000000000025 /* MainPopoverCurrentSessionScheduling.swift in Sources */ = {isa = PBXBuildFile; fileRef = A1B2C3D4E5F600000000009F /* MainPopoverCurrentSessionScheduling.swift */; };
		A1B2C3D4E5F6000000000024 /* MainPopoverCurrentSessionProgressBarView.swift in Sources */ = {isa = PBXBuildFile; fileRef = A1B2C3D4E5F60000000000A0 /* MainPopoverCurrentSessionProgressBarView.swift */; };
		B1C2D3E4F5A6000000000001 /* MenuBarShellControllerTests.swift in Sources */ = {isa = PBXBuildFile; fileRef = B1C2D3E4F5A6000000000011 /* MenuBarShellControllerTests.swift */; };
		B1C2D3E4F5A6000000000002 /* MainPopoverViewControllerTests.swift in Sources */ = {isa = PBXBuildFile; fileRef = B1C2D3E4F5A6000000000013 /* MainPopoverViewControllerTests.swift */; };
		B1C2D3E4F5A6000000000003 /* CurrentSessionCalculatorTests.swift in Sources */ = {isa = PBXBuildFile; fileRef = B1C2D3E4F5A6000000000014 /* CurrentSessionCalculatorTests.swift */; };
		B1C2D3E4F5A6000000000004 /* MainPopoverRenderModelFactoryTests.swift in Sources */ = {isa = PBXBuildFile; fileRef = B1C2D3E4F5A6000000000015 /* MainPopoverRenderModelFactoryTests.swift */; };
		B1C2D3E4F5A6000000000005 /* MainPopoverCurrentSessionProgressPolicyTests.swift in Sources */ = {isa = PBXBuildFile; fileRef = B1C2D3E4F5A6000000000016 /* MainPopoverCurrentSessionProgressPolicyTests.swift */; };
		B1C2D3E4F5A6000000000006 /* MainPopoverSectionViewsTests.swift in Sources */ = {isa = PBXBuildFile; fileRef = B1C2D3E4F5A6000000000017 /* MainPopoverSectionViewsTests.swift */; };
/* End PBXBuildFile section */

/* Begin PBXContainerItemProxy section */
		B1C2D3E4F5A6000000000041 /* PBXContainerItemProxy */ = {
			isa = PBXContainerItemProxy;
			containerPortal = A1B2C3D4E5F6000000000061 /* Project object */;
			proxyType = 1;
			remoteGlobalIDString = A1B2C3D4E5F6000000000041;
			remoteInfo = WorkPulse;
		};
/* End PBXContainerItemProxy section */

/* Begin PBXFileReference section */
		A1B2C3D4E5F6000000000011 /* main.swift */ = {isa = PBXFileReference; lastKnownFileType = sourcecode.swift; path = main.swift; sourceTree = "<group>"; };
		A1B2C3D4E5F6000000000012 /* AppDelegate.swift */ = {isa = PBXFileReference; lastKnownFileType = sourcecode.swift; path = AppDelegate.swift; sourceTree = "<group>"; };
		A1B2C3D4E5F6000000000013 /* MenuBarShellController.swift */ = {isa = PBXFileReference; lastKnownFileType = sourcecode.swift; path = MenuBarShellController.swift; sourceTree = "<group>"; };
		A1B2C3D4E5F6000000000014 /* MainPopoverViewController.swift */ = {isa = PBXFileReference; lastKnownFileType = sourcecode.swift; path = MainPopoverViewController.swift; sourceTree = "<group>"; };
		A1B2C3D4E5F6000000000015 /* Info.plist */ = {isa = PBXFileReference; lastKnownFileType = text.plist.xml; path = Info.plist; sourceTree = "<group>"; };
		A1B2C3D4E5F6000000000016 /* WorkPulse.app */ = {isa = PBXFileReference; explicitFileType = wrapper.application; includeInIndex = 0; path = WorkPulse.app; sourceTree = BUILT_PRODUCTS_DIR; };
		A1B2C3D4E5F6000000000017 /* CurrentSessionCalculator.swift */ = {isa = PBXFileReference; lastKnownFileType = sourcecode.swift; path = CurrentSessionCalculator.swift; sourceTree = "<group>"; };
		A1B2C3D4E5F6000000000018 /* MainPopoverViewStateFactory.swift */ = {isa = PBXFileReference; lastKnownFileType = sourcecode.swift; path = MainPopoverViewStateFactory.swift; sourceTree = "<group>"; };
		A1B2C3D4E5F6000000000019 /* AttendanceRecordTotalsCalculator.swift */ = {isa = PBXFileReference; lastKnownFileType = sourcecode.swift; path = AttendanceRecordTotalsCalculator.swift; sourceTree = "<group>"; };
		A1B2C3D4E5F6000000000090 /* AttendanceRecordStore.swift */ = {isa = PBXFileReference; lastKnownFileType = sourcecode.swift; path = AttendanceRecordStore.swift; sourceTree = "<group>"; };
		A1B2C3D4E5F6000000000091 /* MainPopoverStateLoader.swift */ = {isa = PBXFileReference; lastKnownFileType = sourcecode.swift; path = MainPopoverStateLoader.swift; sourceTree = "<group>"; };
		A1B2C3D4E5F6000000000092 /* MainPopoverStyle.swift */ = {isa = PBXFileReference; lastKnownFileType = sourcecode.swift; path = MainPopoverStyle.swift; sourceTree = "<group>"; };
		A1B2C3D4E5F6000000000094 /* MainPopoverRenderModelFactory.swift */ = {isa = PBXFileReference; lastKnownFileType = sourcecode.swift; path = MainPopoverRenderModelFactory.swift; sourceTree = "<group>"; };
		A1B2C3D4E5F6000000000095 /* MainPopoverCopy.swift */ = {isa = PBXFileReference; lastKnownFileType = sourcecode.swift; path = MainPopoverCopy.swift; sourceTree = "<group>"; };
		A1B2C3D4E5F6000000000096 /* MainPopoverCurrentSessionProgressPolicy.swift */ = {isa = PBXFileReference; lastKnownFileType = sourcecode.swift; path = MainPopoverCurrentSessionProgressPolicy.swift; sourceTree = "<group>"; };
		A1B2C3D4E5F6000000000097 /* MainPopoverSectionSupport.swift */ = {isa = PBXFileReference; lastKnownFileType = sourcecode.swift; path = MainPopoverSectionSupport.swift; sourceTree = "<group>"; };
		A1B2C3D4E5F6000000000098 /* MainPopoverHeaderSectionView.swift */ = {isa = PBXFileReference; lastKnownFileType = sourcecode.swift; path = MainPopoverHeaderSectionView.swift; sourceTree = "<group>"; };
		A1B2C3D4E5F6000000000099 /* MainPopoverCurrentSessionSectionView.swift */ = {isa = PBXFileReference; lastKnownFileType = sourcecode.swift; path = MainPopoverCurrentSessionSectionView.swift; sourceTree = "<group>"; };
		A1B2C3D4E5F600000000009A /* MainPopoverTodayTimesSectionView.swift */ = {isa = PBXFileReference; lastKnownFileType = sourcecode.swift; path = MainPopoverTodayTimesSectionView.swift; sourceTree = "<group>"; };
		A1B2C3D4E5F600000000009B /* MainPopoverSummarySectionView.swift */ = {isa = PBXFileReference; lastKnownFileType = sourcecode.swift; path = MainPopoverSummarySectionView.swift; sourceTree = "<group>"; };
		A1B2C3D4E5F600000000009C /* MainPopoverViewState.swift */ = {isa = PBXFileReference; lastKnownFileType = sourcecode.swift; path = MainPopoverViewState.swift; sourceTree = "<group>"; };
		A1B2C3D4E5F600000000009D /* MainPopoverCurrentSessionRuntime.swift */ = {isa = PBXFileReference; lastKnownFileType = sourcecode.swift; path = MainPopoverCurrentSessionRuntime.swift; sourceTree = "<group>"; };
		A1B2C3D4E5F600000000009E /* MainPopoverDividerView.swift */ = {isa = PBXFileReference; lastKnownFileType = sourcecode.swift; path = MainPopoverDividerView.swift; sourceTree = "<group>"; };
		A1B2C3D4E5F600000000009F /* MainPopoverCurrentSessionScheduling.swift */ = {isa = PBXFileReference; lastKnownFileType = sourcecode.swift; path = MainPopoverCurrentSessionScheduling.swift; sourceTree = "<group>"; };
		A1B2C3D4E5F60000000000A0 /* MainPopoverCurrentSessionProgressBarView.swift */ = {isa = PBXFileReference; lastKnownFileType = sourcecode.swift; path = MainPopoverCurrentSessionProgressBarView.swift; sourceTree = "<group>"; };
		B1C2D3E4F5A6000000000011 /* MenuBarShellControllerTests.swift */ = {isa = PBXFileReference; lastKnownFileType = sourcecode.swift; path = MenuBarShellControllerTests.swift; sourceTree = "<group>"; };
		B1C2D3E4F5A6000000000012 /* WorkPulseTests.xctest */ = {isa = PBXFileReference; explicitFileType = wrapper.cfbundle; includeInIndex = 0; path = WorkPulseTests.xctest; sourceTree = BUILT_PRODUCTS_DIR; };
		B1C2D3E4F5A6000000000013 /* MainPopoverViewControllerTests.swift */ = {isa = PBXFileReference; lastKnownFileType = sourcecode.swift; path = MainPopoverViewControllerTests.swift; sourceTree = "<group>"; };
		B1C2D3E4F5A6000000000014 /* CurrentSessionCalculatorTests.swift */ = {isa = PBXFileReference; lastKnownFileType = sourcecode.swift; path = CurrentSessionCalculatorTests.swift; sourceTree = "<group>"; };
		B1C2D3E4F5A6000000000015 /* MainPopoverRenderModelFactoryTests.swift */ = {isa = PBXFileReference; lastKnownFileType = sourcecode.swift; path = MainPopoverRenderModelFactoryTests.swift; sourceTree = "<group>"; };
		B1C2D3E4F5A6000000000016 /* MainPopoverCurrentSessionProgressPolicyTests.swift */ = {isa = PBXFileReference; lastKnownFileType = sourcecode.swift; path = MainPopoverCurrentSessionProgressPolicyTests.swift; sourceTree = "<group>"; };
		B1C2D3E4F5A6000000000017 /* MainPopoverSectionViewsTests.swift */ = {isa = PBXFileReference; lastKnownFileType = sourcecode.swift; path = MainPopoverSectionViewsTests.swift; sourceTree = "<group>"; };
/* End PBXFileReference section */

/* Begin PBXFrameworksBuildPhase section */
		A1B2C3D4E5F6000000000021 /* Frameworks */ = {
			isa = PBXFrameworksBuildPhase;
			buildActionMask = 2147483647;
			files = (
			);
			runOnlyForDeploymentPostprocessing = 0;
		};
		B1C2D3E4F5A6000000000021 /* Frameworks */ = {
			isa = PBXFrameworksBuildPhase;
			buildActionMask = 2147483647;
			files = (
			);
			runOnlyForDeploymentPostprocessing = 0;
		};
/* End PBXFrameworksBuildPhase section */

/* Begin PBXGroup section */
		A1B2C3D4E5F6000000000031 = {
			isa = PBXGroup;
			children = (
				A1B2C3D4E5F6000000000032 /* App */,
				A1B2C3D4E5F6000000000036 /* Feature */,
				A1B2C3D4E5F6000000000033 /* UI */,
				B1C2D3E4F5A6000000000031 /* WorkPulseTests */,
				A1B2C3D4E5F6000000000034 /* Products */,
			);
			sourceTree = "<group>";
		};
		A1B2C3D4E5F6000000000032 /* App */ = {
			isa = PBXGroup;
			path = App;
			sourceTree = "<group>";
			children = (
				A1B2C3D4E5F6000000000012 /* AppDelegate.swift */,
				A1B2C3D4E5F6000000000015 /* Info.plist */,
				A1B2C3D4E5F6000000000013 /* MenuBarShellController.swift */,
				A1B2C3D4E5F6000000000011 /* main.swift */,
			);
		};
		A1B2C3D4E5F6000000000033 /* UI */ = {
			isa = PBXGroup;
			path = UI;
			sourceTree = "<group>";
			children = (
				A1B2C3D4E5F6000000000035 /* MainPopover */,
			);
		};
		A1B2C3D4E5F6000000000034 /* Products */ = {
			isa = PBXGroup;
			children = (
				A1B2C3D4E5F6000000000016 /* WorkPulse.app */,
				B1C2D3E4F5A6000000000012 /* WorkPulseTests.xctest */,
			);
			name = Products;
			sourceTree = "<group>";
		};
		A1B2C3D4E5F6000000000035 /* MainPopover */ = {
			isa = PBXGroup;
			path = MainPopover;
			sourceTree = "<group>";
			children = (
				A1B2C3D4E5F600000000009F /* MainPopoverCurrentSessionScheduling.swift */,
				A1B2C3D4E5F60000000000A0 /* MainPopoverCurrentSessionProgressBarView.swift */,
				A1B2C3D4E5F600000000009D /* MainPopoverCurrentSessionRuntime.swift */,
				A1B2C3D4E5F6000000000099 /* MainPopoverCurrentSessionSectionView.swift */,
				A1B2C3D4E5F600000000009E /* MainPopoverDividerView.swift */,
				A1B2C3D4E5F6000000000098 /* MainPopoverHeaderSectionView.swift */,
				A1B2C3D4E5F6000000000097 /* MainPopoverSectionSupport.swift */,
				A1B2C3D4E5F600000000009B /* MainPopoverSummarySectionView.swift */,
				A1B2C3D4E5F6000000000092 /* MainPopoverStyle.swift */,
				A1B2C3D4E5F600000000009A /* MainPopoverTodayTimesSectionView.swift */,
				A1B2C3D4E5F600000000009C /* MainPopoverViewState.swift */,
				A1B2C3D4E5F6000000000014 /* MainPopoverViewController.swift */,
			);
		};
		A1B2C3D4E5F6000000000036 /* Feature */ = {
			isa = PBXGroup;
			path = Feature;
			sourceTree = "<group>";
			children = (
				A1B2C3D4E5F6000000000037 /* MainPopover */,
			);
		};
		A1B2C3D4E5F6000000000037 /* MainPopover */ = {
			isa = PBXGroup;
			path = MainPopover;
			sourceTree = "<group>";
			children = (
				A1B2C3D4E5F6000000000039 /* Presentation */,
				A1B2C3D4E5F6000000000040 /* Repo */,
				A1B2C3D4E5F6000000000038 /* Service */,
			);
		};
		A1B2C3D4E5F6000000000038 /* Service */ = {
			isa = PBXGroup;
			path = Service;
			sourceTree = "<group>";
			children = (
				A1B2C3D4E5F6000000000019 /* AttendanceRecordTotalsCalculator.swift */,
				A1B2C3D4E5F6000000000017 /* CurrentSessionCalculator.swift */,
				A1B2C3D4E5F6000000000091 /* MainPopoverStateLoader.swift */,
			);
		};
		A1B2C3D4E5F6000000000039 /* Presentation */ = {
			isa = PBXGroup;
			path = Presentation;
			sourceTree = "<group>";
			children = (
				A1B2C3D4E5F6000000000095 /* MainPopoverCopy.swift */,
				A1B2C3D4E5F6000000000096 /* MainPopoverCurrentSessionProgressPolicy.swift */,
				A1B2C3D4E5F6000000000094 /* MainPopoverRenderModelFactory.swift */,
				A1B2C3D4E5F6000000000018 /* MainPopoverViewStateFactory.swift */,
			);
		};
		A1B2C3D4E5F6000000000040 /* Repo */ = {
			isa = PBXGroup;
			path = Repo;
			sourceTree = "<group>";
			children = (
				A1B2C3D4E5F6000000000090 /* AttendanceRecordStore.swift */,
			);
		};
		B1C2D3E4F5A6000000000031 /* WorkPulseTests */ = {
			isa = PBXGroup;
			path = WorkPulseTests;
			sourceTree = "<group>";
			children = (
				B1C2D3E4F5A6000000000014 /* CurrentSessionCalculatorTests.swift */,
				B1C2D3E4F5A6000000000016 /* MainPopoverCurrentSessionProgressPolicyTests.swift */,
				B1C2D3E4F5A6000000000015 /* MainPopoverRenderModelFactoryTests.swift */,
				B1C2D3E4F5A6000000000017 /* MainPopoverSectionViewsTests.swift */,
				B1C2D3E4F5A6000000000013 /* MainPopoverViewControllerTests.swift */,
				B1C2D3E4F5A6000000000011 /* MenuBarShellControllerTests.swift */,
			);
		};
/* End PBXGroup section */

/* Begin PBXNativeTarget section */
		A1B2C3D4E5F6000000000041 /* WorkPulse */ = {
			isa = PBXNativeTarget;
			buildConfigurationList = A1B2C3D4E5F6000000000051 /* Build configuration list for PBXNativeTarget "WorkPulse" */;
			buildPhases = (
				A1B2C3D4E5F6000000000022 /* Sources */,
				A1B2C3D4E5F6000000000021 /* Frameworks */,
				A1B2C3D4E5F6000000000023 /* Resources */,
			);
			buildRules = (
			);
			dependencies = (
			);
			name = WorkPulse;
			productName = WorkPulse;
			productReference = A1B2C3D4E5F6000000000016 /* WorkPulse.app */;
			productType = "com.apple.product-type.application";
		};
		B1C2D3E4F5A6000000000042 /* WorkPulseTests */ = {
			isa = PBXNativeTarget;
			buildConfigurationList = B1C2D3E4F5A6000000000051 /* Build configuration list for PBXNativeTarget "WorkPulseTests" */;
			buildPhases = (
				B1C2D3E4F5A6000000000022 /* Sources */,
				B1C2D3E4F5A6000000000021 /* Frameworks */,
				B1C2D3E4F5A6000000000023 /* Resources */,
			);
			buildRules = (
			);
			dependencies = (
				B1C2D3E4F5A6000000000043 /* PBXTargetDependency */,
			);
			name = WorkPulseTests;
			productName = WorkPulseTests;
			productReference = B1C2D3E4F5A6000000000012 /* WorkPulseTests.xctest */;
			productType = "com.apple.product-type.bundle.unit-test";
		};
/* End PBXNativeTarget section */

/* Begin PBXProject section */
		A1B2C3D4E5F6000000000061 /* Project object */ = {
			isa = PBXProject;
			attributes = {
				BuildIndependentTargetsInParallel = 1;
				LastSwiftUpdateCheck = 1600;
				LastUpgradeCheck = 1600;
				TargetAttributes = {
					A1B2C3D4E5F6000000000041 = {
						CreatedOnToolsVersion = 16.0;
					};
					B1C2D3E4F5A6000000000042 = {
						CreatedOnToolsVersion = 16.0;
						TestTargetID = A1B2C3D4E5F6000000000041;
					};
				};
			};
			buildConfigurationList = A1B2C3D4E5F6000000000052 /* Build configuration list for PBXProject "WorkPulse" */;
			compatibilityVersion = "Xcode 14.0";
			developmentRegion = en;
			hasScannedForEncodings = 0;
			knownRegions = (
				en,
				Base,
			);
			mainGroup = A1B2C3D4E5F6000000000031;
			productRefGroup = A1B2C3D4E5F6000000000034 /* Products */;
			projectDirPath = "";
			projectRoot = "";
			targets = (
				A1B2C3D4E5F6000000000041 /* WorkPulse */,
				B1C2D3E4F5A6000000000042 /* WorkPulseTests */,
			);
		};
/* End PBXProject section */

/* Begin PBXResourcesBuildPhase section */
		A1B2C3D4E5F6000000000023 /* Resources */ = {
			isa = PBXResourcesBuildPhase;
			buildActionMask = 2147483647;
			files = (
			);
			runOnlyForDeploymentPostprocessing = 0;
		};
		B1C2D3E4F5A6000000000023 /* Resources */ = {
			isa = PBXResourcesBuildPhase;
			buildActionMask = 2147483647;
			files = (
			);
			runOnlyForDeploymentPostprocessing = 0;
		};
/* End PBXResourcesBuildPhase section */

/* Begin PBXSourcesBuildPhase section */
		A1B2C3D4E5F6000000000022 /* Sources */ = {
			isa = PBXSourcesBuildPhase;
			buildActionMask = 2147483647;
			files = (
				A1B2C3D4E5F6000000000002 /* AppDelegate.swift in Sources */,
				A1B2C3D4E5F6000000000007 /* AttendanceRecordTotalsCalculator.swift in Sources */,
				A1B2C3D4E5F6000000000008 /* AttendanceRecordStore.swift in Sources */,
				A1B2C3D4E5F6000000000005 /* CurrentSessionCalculator.swift in Sources */,
				A1B2C3D4E5F600000000000D /* MainPopoverCopy.swift in Sources */,
				A1B2C3D4E5F6000000000025 /* MainPopoverCurrentSessionScheduling.swift in Sources */,
				A1B2C3D4E5F600000000000E /* MainPopoverCurrentSessionProgressPolicy.swift in Sources */,
				A1B2C3D4E5F6000000000024 /* MainPopoverCurrentSessionProgressBarView.swift in Sources */,
				A1B2C3D4E5F600000000001F /* MainPopoverCurrentSessionRuntime.swift in Sources */,
				A1B2C3D4E5F600000000000C /* MainPopoverRenderModelFactory.swift in Sources */,
				A1B2C3D4E5F600000000001B /* MainPopoverCurrentSessionSectionView.swift in Sources */,
				A1B2C3D4E5F6000000000020 /* MainPopoverDividerView.swift in Sources */,
				A1B2C3D4E5F600000000001A /* MainPopoverHeaderSectionView.swift in Sources */,
				A1B2C3D4E5F600000000000F /* MainPopoverSectionSupport.swift in Sources */,
				A1B2C3D4E5F6000000000009 /* MainPopoverStateLoader.swift in Sources */,
				A1B2C3D4E5F600000000000A /* MainPopoverStyle.swift in Sources */,
				A1B2C3D4E5F600000000001D /* MainPopoverSummarySectionView.swift in Sources */,
				A1B2C3D4E5F600000000001C /* MainPopoverTodayTimesSectionView.swift in Sources */,
				A1B2C3D4E5F600000000001E /* MainPopoverViewState.swift in Sources */,
				A1B2C3D4E5F6000000000006 /* MainPopoverViewStateFactory.swift in Sources */,
				A1B2C3D4E5F6000000000004 /* MainPopoverViewController.swift in Sources */,
				A1B2C3D4E5F6000000000003 /* MenuBarShellController.swift in Sources */,
				A1B2C3D4E5F6000000000001 /* main.swift in Sources */,
			);
			runOnlyForDeploymentPostprocessing = 0;
		};
		B1C2D3E4F5A6000000000022 /* Sources */ = {
			isa = PBXSourcesBuildPhase;
			buildActionMask = 2147483647;
			files = (
				B1C2D3E4F5A6000000000003 /* CurrentSessionCalculatorTests.swift in Sources */,
				B1C2D3E4F5A6000000000005 /* MainPopoverCurrentSessionProgressPolicyTests.swift in Sources */,
				B1C2D3E4F5A6000000000004 /* MainPopoverRenderModelFactoryTests.swift in Sources */,
				B1C2D3E4F5A6000000000006 /* MainPopoverSectionViewsTests.swift in Sources */,
				B1C2D3E4F5A6000000000002 /* MainPopoverViewControllerTests.swift in Sources */,
				B1C2D3E4F5A6000000000001 /* MenuBarShellControllerTests.swift in Sources */,
			);
			runOnlyForDeploymentPostprocessing = 0;
		};
/* End PBXSourcesBuildPhase section */

/* Begin PBXTargetDependency section */
		B1C2D3E4F5A6000000000043 /* PBXTargetDependency */ = {
			isa = PBXTargetDependency;
			target = A1B2C3D4E5F6000000000041 /* WorkPulse */;
			targetProxy = B1C2D3E4F5A6000000000041 /* PBXContainerItemProxy */;
		};
/* End PBXTargetDependency section */

/* Begin XCBuildConfiguration section */
		A1B2C3D4E5F6000000000071 /* Debug */ = {
			isa = XCBuildConfiguration;
			buildSettings = {
				ALWAYS_SEARCH_USER_PATHS = NO;
				CLANG_ENABLE_MODULES = YES;
				CLANG_ENABLE_OBJC_ARC = YES;
				COPY_PHASE_STRIP = NO;
				DEBUG_INFORMATION_FORMAT = dwarf;
				ENABLE_STRICT_OBJC_MSGSEND = YES;
				GCC_C_LANGUAGE_STANDARD = gnu17;
				MACOSX_DEPLOYMENT_TARGET = 14.0;
				SDKROOT = macosx;
				SWIFT_VERSION = 5.0;
			};
			name = Debug;
		};
		A1B2C3D4E5F6000000000072 /* Release */ = {
			isa = XCBuildConfiguration;
			buildSettings = {
				ALWAYS_SEARCH_USER_PATHS = NO;
				CLANG_ENABLE_MODULES = YES;
				CLANG_ENABLE_OBJC_ARC = YES;
				COPY_PHASE_STRIP = NO;
				DEBUG_INFORMATION_FORMAT = "dwarf-with-dsym";
				ENABLE_NS_ASSERTIONS = NO;
				ENABLE_STRICT_OBJC_MSGSEND = YES;
				GCC_C_LANGUAGE_STANDARD = gnu17;
				MACOSX_DEPLOYMENT_TARGET = 14.0;
				SDKROOT = macosx;
				SWIFT_COMPILATION_MODE = wholemodule;
				SWIFT_VERSION = 5.0;
			};
			name = Release;
		};
		A1B2C3D4E5F6000000000073 /* Debug */ = {
			isa = XCBuildConfiguration;
			buildSettings = {
				CODE_SIGN_STYLE = Automatic;
				CURRENT_PROJECT_VERSION = 1;
				DEVELOPMENT_TEAM = "";
				ENABLE_TESTABILITY = YES;
				GENERATE_INFOPLIST_FILE = NO;
				INFOPLIST_FILE = App/Info.plist;
				LD_RUNPATH_SEARCH_PATHS = (
					"$(inherited)",
					"@executable_path/../Frameworks",
				);
				MACOSX_DEPLOYMENT_TARGET = 14.0;
				MARKETING_VERSION = 1.0;
				PRODUCT_BUNDLE_IDENTIFIER = com.sweetfood.WorkPulse;
				PRODUCT_NAME = "$(TARGET_NAME)";
				SDKROOT = macosx;
				SWIFT_OPTIMIZATION_LEVEL = "-Onone";
				SWIFT_EMIT_LOC_STRINGS = YES;
				SWIFT_VERSION = 5.0;
			};
			name = Debug;
		};
		A1B2C3D4E5F6000000000074 /* Release */ = {
			isa = XCBuildConfiguration;
			buildSettings = {
				CODE_SIGN_STYLE = Automatic;
				CURRENT_PROJECT_VERSION = 1;
				DEVELOPMENT_TEAM = "";
				GENERATE_INFOPLIST_FILE = NO;
				INFOPLIST_FILE = App/Info.plist;
				LD_RUNPATH_SEARCH_PATHS = (
					"$(inherited)",
					"@executable_path/../Frameworks",
				);
				MACOSX_DEPLOYMENT_TARGET = 14.0;
				MARKETING_VERSION = 1.0;
				PRODUCT_BUNDLE_IDENTIFIER = com.sweetfood.WorkPulse;
				PRODUCT_NAME = "$(TARGET_NAME)";
				SDKROOT = macosx;
				SWIFT_EMIT_LOC_STRINGS = YES;
				SWIFT_VERSION = 5.0;
			};
			name = Release;
		};
		B1C2D3E4F5A6000000000073 /* Debug */ = {
			isa = XCBuildConfiguration;
			buildSettings = {
				BUNDLE_LOADER = "$(TEST_HOST)";
				CODE_SIGN_STYLE = Automatic;
				CURRENT_PROJECT_VERSION = 1;
				DEVELOPMENT_TEAM = "";
				ENABLE_TESTABILITY = YES;
				GENERATE_INFOPLIST_FILE = YES;
				MACOSX_DEPLOYMENT_TARGET = 14.0;
				PRODUCT_BUNDLE_IDENTIFIER = com.sweetfood.WorkPulseTests;
				PRODUCT_NAME = "$(TARGET_NAME)";
				SDKROOT = macosx;
				SWIFT_OPTIMIZATION_LEVEL = "-Onone";
				SWIFT_VERSION = 5.0;
				TEST_HOST = "$(BUILT_PRODUCTS_DIR)/WorkPulse.app/Contents/MacOS/WorkPulse";
			};
			name = Debug;
		};
		B1C2D3E4F5A6000000000074 /* Release */ = {
			isa = XCBuildConfiguration;
			buildSettings = {
				BUNDLE_LOADER = "$(TEST_HOST)";
				CODE_SIGN_STYLE = Automatic;
				CURRENT_PROJECT_VERSION = 1;
				DEVELOPMENT_TEAM = "";
				GENERATE_INFOPLIST_FILE = YES;
				MACOSX_DEPLOYMENT_TARGET = 14.0;
				PRODUCT_BUNDLE_IDENTIFIER = com.sweetfood.WorkPulseTests;
				PRODUCT_NAME = "$(TARGET_NAME)";
				SDKROOT = macosx;
				SWIFT_VERSION = 5.0;
				TEST_HOST = "$(BUILT_PRODUCTS_DIR)/WorkPulse.app/Contents/MacOS/WorkPulse";
			};
			name = Release;
		};
/* End XCBuildConfiguration section */

/* Begin XCConfigurationList section */
		A1B2C3D4E5F6000000000051 /* Build configuration list for PBXNativeTarget "WorkPulse" */ = {
			isa = XCConfigurationList;
			buildConfigurations = (
				A1B2C3D4E5F6000000000073 /* Debug */,
				A1B2C3D4E5F6000000000074 /* Release */,
			);
			defaultConfigurationIsVisible = 0;
			defaultConfigurationName = Release;
		};
		A1B2C3D4E5F6000000000052 /* Build configuration list for PBXProject "WorkPulse" */ = {
			isa = XCConfigurationList;
			buildConfigurations = (
				A1B2C3D4E5F6000000000071 /* Debug */,
				A1B2C3D4E5F6000000000072 /* Release */,
			);
			defaultConfigurationIsVisible = 0;
			defaultConfigurationName = Release;
		};
		B1C2D3E4F5A6000000000051 /* Build configuration list for PBXNativeTarget "WorkPulseTests" */ = {
			isa = XCConfigurationList;
			buildConfigurations = (
				B1C2D3E4F5A6000000000073 /* Debug */,
				B1C2D3E4F5A6000000000074 /* Release */,
			);
			defaultConfigurationIsVisible = 0;
			defaultConfigurationName = Release;
		};
/* End XCConfigurationList section */
	};
	rootObject = A1B2C3D4E5F6000000000061 /* Project object */;
}
